
Microsoft Visual Studio Solution File, Format Version 12.00
# Visual Studio Version 16
VisualStudioVersion = 16.0.32407.337
MinimumVisualStudioVersion = 10.0.40219.1
Project("{9A19103F-16F7-4668-BE54-9A1E7A4F7556}") = "DynamicDriver", "DynamicDriver.csproj", "{AFC223EB-BEE7-4B85-A0FF-D77823DD4C71}"
EndProject
Global
	GlobalSection(SolutionConfigurationPlatforms) = preSolution
		Debug|Any CPU = Debug|Any CPU
		Release|Any CPU = Release|Any CPU
	EndGlobalSection
	GlobalSection(ProjectConfigurationPlatforms) = postSolution
		{AFC223EB-BEE7-4B85-A0FF-D77823DD4C71}.Debug|Any CPU.ActiveCfg = Debug|Any CPU
		{AFC223EB-BEE7-4B85-A0FF-D77823DD4C71}.Debug|Any CPU.Build.0 = Debug|Any CPU
		{AFC223EB-BEE7-4B85-A0FF-D77823DD4C71}.Release|Any CPU.ActiveCfg = Release|Any CPU
		{AFC223EB-BEE7-4B85-A0FF-D77823DD4C71}.Release|Any CPU.Build.0 = Release|Any CPU
	EndGlobalSection
	GlobalSection(SolutionProperties) = preSolution
		HideSolutionNode = FALSE
	EndGlobalSection
	GlobalSection(ExtensibilityGlobals) = postSolution
		SolutionGuid = {3EF78CB6-6145-4647-BD17-AA119C0C3F2E}
	EndGlobalSection
EndGlobal
